
Microsoft Visual Studio Solution File, Format Version 12.00
# Visual Studio Version 16
VisualStudioVersion = 16.0.29920.165
MinimumVisualStudioVersion = 10.0.40219.1
Project("{FAE04EC0-301F-11D3-BF4B-00C04F79EFBC}") = "WeeklyXamarin.Mobile.Android", "WeeklyXamarin.Mobile.Android\WeeklyXamarin.Mobile.Android.csproj", "{C09D9135-44BE-4B51-B4A4-DA7C39035F2C}"
EndProject
Project("{FAE04EC0-301F-11D3-BF4B-00C04F79EFBC}") = "WeeklyXamarin.Mobile.iOS", "WeeklyXamarin.Mobile.iOS\WeeklyXamarin.Mobile.iOS.csproj", "{92943836-C4EA-431B-BF3A-DD49737EED24}"
EndProject
Project("{9A19103F-16F7-4668-BE54-9A1E7A4F7556}") = "WeeklyXamarin.Mobile", "WeeklyXamarin.Mobile\WeeklyXamarin.Mobile.csproj", "{D36E000B-0F38-4958-847C-1AAC5E249DA0}"
EndProject
Project("{9A19103F-16F7-4668-BE54-9A1E7A4F7556}") = "WeeklyXamarin.Core", "WeeklyXamarin.Core\WeeklyXamarin.Core.csproj", "{03BC973C-14B4-465F-8436-DC396A927382}"
EndProject
Project("{FAE04EC0-301F-11D3-BF4B-00C04F79EFBC}") = "WeeklyXamarin.Curated", "WeeklyXamarin.Curated\WeeklyXamarin.Curated.csproj", "{E035101F-3893-4D6E-AAE3-C79F9118C054}"
EndProject
Project("{FAE04EC0-301F-11D3-BF4B-00C04F79EFBC}") = "WeeklyXamarin.Curated.ImportUtil", "WeeklyXamarin.Curated.ImportUtil\WeeklyXamarin.Curated.ImportUtil.csproj", "{C36CE3BF-A6D4-46AD-BA6B-E9514DF16A46}"
EndProject
Global
	GlobalSection(SolutionConfigurationPlatforms) = preSolution
		Debug|Any CPU = Debug|Any CPU
		Debug|iPhone = Debug|iPhone
		Debug|iPhoneSimulator = Debug|iPhoneSimulator
		Release|Any CPU = Release|Any CPU
		Release|iPhone = Release|iPhone
		Release|iPhoneSimulator = Release|iPhoneSimulator
	EndGlobalSection
	GlobalSection(ProjectConfigurationPlatforms) = postSolution
		{C09D9135-44BE-4B51-B4A4-DA7C39035F2C}.Debug|Any CPU.ActiveCfg = Debug|Any CPU
		{C09D9135-44BE-4B51-B4A4-DA7C39035F2C}.Debug|Any CPU.Build.0 = Debug|Any CPU
		{C09D9135-44BE-4B51-B4A4-DA7C39035F2C}.Debug|Any CPU.Deploy.0 = Debug|Any CPU
		{C09D9135-44BE-4B51-B4A4-DA7C39035F2C}.Debug|iPhone.ActiveCfg = Debug|Any CPU
		{C09D9135-44BE-4B51-B4A4-DA7C39035F2C}.Debug|iPhone.Build.0 = Debug|Any CPU
		{C09D9135-44BE-4B51-B4A4-DA7C39035F2C}.Debug|iPhone.Deploy.0 = Debug|Any CPU
		{C09D9135-44BE-4B51-B4A4-DA7C39035F2C}.Debug|iPhoneSimulator.ActiveCfg = Debug|Any CPU
		{C09D9135-44BE-4B51-B4A4-DA7C39035F2C}.Debug|iPhoneSimulator.Build.0 = Debug|Any CPU
		{C09D9135-44BE-4B51-B4A4-DA7C39035F2C}.Debug|iPhoneSimulator.Deploy.0 = Debug|Any CPU
		{C09D9135-44BE-4B51-B4A4-DA7C39035F2C}.Release|Any CPU.ActiveCfg = Release|Any CPU
		{C09D9135-44BE-4B51-B4A4-DA7C39035F2C}.Release|Any CPU.Build.0 = Release|Any CPU
		{C09D9135-44BE-4B51-B4A4-DA7C39035F2C}.Release|Any CPU.Deploy.0 = Release|Any CPU
		{C09D9135-44BE-4B51-B4A4-DA7C39035F2C}.Release|iPhone.ActiveCfg = Release|Any CPU
		{C09D9135-44BE-4B51-B4A4-DA7C39035F2C}.Release|iPhone.Build.0 = Release|Any CPU
		{C09D9135-44BE-4B51-B4A4-DA7C39035F2C}.Release|iPhone.Deploy.0 = Release|Any CPU
		{C09D9135-44BE-4B51-B4A4-DA7C39035F2C}.Release|iPhoneSimulator.ActiveCfg = Release|Any CPU
		{C09D9135-44BE-4B51-B4A4-DA7C39035F2C}.Release|iPhoneSimulator.Build.0 = Release|Any CPU
		{C09D9135-44BE-4B51-B4A4-DA7C39035F2C}.Release|iPhoneSimulator.Deploy.0 = Release|Any CPU
		{92943836-C4EA-431B-BF3A-DD49737EED24}.Debug|Any CPU.ActiveCfg = Debug|iPhone
		{92943836-C4EA-431B-BF3A-DD49737EED24}.Debug|Any CPU.Build.0 = Debug|iPhone
		{92943836-C4EA-431B-BF3A-DD49737EED24}.Debug|Any CPU.Deploy.0 = Debug|iPhone
		{92943836-C4EA-431B-BF3A-DD49737EED24}.Debug|iPhone.ActiveCfg = Debug|iPhone
		{92943836-C4EA-431B-BF3A-DD49737EED24}.Debug|iPhone.Build.0 = Debug|iPhone
		{92943836-C4EA-431B-BF3A-DD49737EED24}.Debug|iPhone.Deploy.0 = Debug|iPhone
		{92943836-C4EA-431B-BF3A-DD49737EED24}.Debug|iPhoneSimulator.ActiveCfg = Debug|iPhoneSimulator
		{92943836-C4EA-431B-BF3A-DD49737EED24}.Debug|iPhoneSimulator.Build.0 = Debug|iPhoneSimulator
		{92943836-C4EA-431B-BF3A-DD49737EED24}.Debug|iPhoneSimulator.Deploy.0 = Debug|iPhoneSimulator
		{92943836-C4EA-431B-BF3A-DD49737EED24}.Release|Any CPU.ActiveCfg = Release|iPhone
		{92943836-C4EA-431B-BF3A-DD49737EED24}.Release|Any CPU.Build.0 = Release|iPhone
		{92943836-C4EA-431B-BF3A-DD49737EED24}.Release|Any CPU.Deploy.0 = Release|iPhone
		{92943836-C4EA-431B-BF3A-DD49737EED24}.Release|iPhone.ActiveCfg = Release|iPhone
		{92943836-C4EA-431B-BF3A-DD49737EED24}.Release|iPhone.Build.0 = Release|iPhone
		{92943836-C4EA-431B-BF3A-DD49737EED24}.Release|iPhone.Deploy.0 = Release|iPhone
		{92943836-C4EA-431B-BF3A-DD49737EED24}.Release|iPhoneSimulator.ActiveCfg = Release|iPhoneSimulator
		{92943836-C4EA-431B-BF3A-DD49737EED24}.Release|iPhoneSimulator.Build.0 = Release|iPhoneSimulator
		{92943836-C4EA-431B-BF3A-DD49737EED24}.Release|iPhoneSimulator.Deploy.0 = Release|iPhoneSimulator
		{D36E000B-0F38-4958-847C-1AAC5E249DA0}.Debug|Any CPU.ActiveCfg = Debug|Any CPU
		{D36E000B-0F38-4958-847C-1AAC5E249DA0}.Debug|Any CPU.Build.0 = Debug|Any CPU
		{D36E000B-0F38-4958-847C-1AAC5E249DA0}.Debug|Any CPU.Deploy.0 = Debug|Any CPU
		{D36E000B-0F38-4958-847C-1AAC5E249DA0}.Debug|iPhone.ActiveCfg = Debug|Any CPU
		{D36E000B-0F38-4958-847C-1AAC5E249DA0}.Debug|iPhone.Build.0 = Debug|Any CPU
		{D36E000B-0F38-4958-847C-1AAC5E249DA0}.Debug|iPhone.Deploy.0 = Debug|Any CPU
		{D36E000B-0F38-4958-847C-1AAC5E249DA0}.Debug|iPhoneSimulator.ActiveCfg = Debug|Any CPU
		{D36E000B-0F38-4958-847C-1AAC5E249DA0}.Debug|iPhoneSimulator.Build.0 = Debug|Any CPU
		{D36E000B-0F38-4958-847C-1AAC5E249DA0}.Debug|iPhoneSimulator.Deploy.0 = Debug|Any CPU
		{D36E000B-0F38-4958-847C-1AAC5E249DA0}.Release|Any CPU.ActiveCfg = Release|Any CPU
		{D36E000B-0F38-4958-847C-1AAC5E249DA0}.Release|Any CPU.Build.0 = Release|Any CPU
		{D36E000B-0F38-4958-847C-1AAC5E249DA0}.Release|Any CPU.Deploy.0 = Release|Any CPU
		{D36E000B-0F38-4958-847C-1AAC5E249DA0}.Release|iPhone.ActiveCfg = Release|Any CPU
		{D36E000B-0F38-4958-847C-1AAC5E249DA0}.Release|iPhone.Build.0 = Release|Any CPU
		{D36E000B-0F38-4958-847C-1AAC5E249DA0}.Release|iPhone.Deploy.0 = Release|Any CPU
		{D36E000B-0F38-4958-847C-1AAC5E249DA0}.Release|iPhoneSimulator.ActiveCfg = Release|Any CPU
		{D36E000B-0F38-4958-847C-1AAC5E249DA0}.Release|iPhoneSimulator.Build.0 = Release|Any CPU
		{D36E000B-0F38-4958-847C-1AAC5E249DA0}.Release|iPhoneSimulator.Deploy.0 = Release|Any CPU
		{03BC973C-14B4-465F-8436-DC396A927382}.Debug|Any CPU.ActiveCfg = Debug|Any CPU
		{03BC973C-14B4-465F-8436-DC396A927382}.Debug|Any CPU.Build.0 = Debug|Any CPU
		{03BC973C-14B4-465F-8436-DC396A927382}.Debug|iPhone.ActiveCfg = Debug|Any CPU
		{03BC973C-14B4-465F-8436-DC396A927382}.Debug|iPhone.Build.0 = Debug|Any CPU
		{03BC973C-14B4-465F-8436-DC396A927382}.Debug|iPhoneSimulator.ActiveCfg = Debug|Any CPU
		{03BC973C-14B4-465F-8436-DC396A927382}.Debug|iPhoneSimulator.Build.0 = Debug|Any CPU
		{03BC973C-14B4-465F-8436-DC396A927382}.Release|Any CPU.ActiveCfg = Release|Any CPU
		{03BC973C-14B4-465F-8436-DC396A927382}.Release|Any CPU.Build.0 = Release|Any CPU
		{03BC973C-14B4-465F-8436-DC396A927382}.Release|iPhone.ActiveCfg = Release|Any CPU
		{03BC973C-14B4-465F-8436-DC396A927382}.Release|iPhone.Build.0 = Release|Any CPU
		{03BC973C-14B4-465F-8436-DC396A927382}.Release|iPhoneSimulator.ActiveCfg = Release|Any CPU
		{03BC973C-14B4-465F-8436-DC396A927382}.Release|iPhoneSimulator.Build.0 = Release|Any CPU
		{E035101F-3893-4D6E-AAE3-C79F9118C054}.Debug|Any CPU.ActiveCfg = Debug|Any CPU
		{E035101F-3893-4D6E-AAE3-C79F9118C054}.Debug|Any CPU.Build.0 = Debug|Any CPU
		{E035101F-3893-4D6E-AAE3-C79F9118C054}.Debug|iPhone.ActiveCfg = Debug|Any CPU
		{E035101F-3893-4D6E-AAE3-C79F9118C054}.Debug|iPhone.Build.0 = Debug|Any CPU
		{E035101F-3893-4D6E-AAE3-C79F9118C054}.Debug|iPhoneSimulator.ActiveCfg = Debug|Any CPU
		{E035101F-3893-4D6E-AAE3-C79F9118C054}.Debug|iPhoneSimulator.Build.0 = Debug|Any CPU
		{E035101F-3893-4D6E-AAE3-C79F9118C054}.Release|Any CPU.ActiveCfg = Release|Any CPU
		{E035101F-3893-4D6E-AAE3-C79F9118C054}.Release|Any CPU.Build.0 = Release|Any CPU
		{E035101F-3893-4D6E-AAE3-C79F9118C054}.Release|iPhone.ActiveCfg = Release|Any CPU
		{E035101F-3893-4D6E-AAE3-C79F9118C054}.Release|iPhone.Build.0 = Release|Any CPU
		{E035101F-3893-4D6E-AAE3-C79F9118C054}.Release|iPhoneSimulator.ActiveCfg = Release|Any CPU
		{E035101F-3893-4D6E-AAE3-C79F9118C054}.Release|iPhoneSimulator.Build.0 = Release|Any CPU
		{C36CE3BF-A6D4-46AD-BA6B-E9514DF16A46}.Debug|Any CPU.ActiveCfg = Debug|Any CPU
		{C36CE3BF-A6D4-46AD-BA6B-E9514DF16A46}.Debug|Any CPU.Build.0 = Debug|Any CPU
		{C36CE3BF-A6D4-46AD-BA6B-E9514DF16A46}.Debug|iPhone.ActiveCfg = Debug|Any CPU
		{C36CE3BF-A6D4-46AD-BA6B-E9514DF16A46}.Debug|iPhone.Build.0 = Debug|Any CPU
		{C36CE3BF-A6D4-46AD-BA6B-E9514DF16A46}.Debug|iPhoneSimulator.ActiveCfg = Debug|Any CPU
		{C36CE3BF-A6D4-46AD-BA6B-E9514DF16A46}.Debug|iPhoneSimulator.Build.0 = Debug|Any CPU
		{C36CE3BF-A6D4-46AD-BA6B-E9514DF16A46}.Release|Any CPU.ActiveCfg = Release|Any CPU
		{C36CE3BF-A6D4-46AD-BA6B-E9514DF16A46}.Release|Any CPU.Build.0 = Release|Any CPU
		{C36CE3BF-A6D4-46AD-BA6B-E9514DF16A46}.Release|iPhone.ActiveCfg = Release|Any CPU
		{C36CE3BF-A6D4-46AD-BA6B-E9514DF16A46}.Release|iPhone.Build.0 = Release|Any CPU
		{C36CE3BF-A6D4-46AD-BA6B-E9514DF16A46}.Release|iPhoneSimulator.ActiveCfg = Release|Any CPU
		{C36CE3BF-A6D4-46AD-BA6B-E9514DF16A46}.Release|iPhoneSimulator.Build.0 = Release|Any CPU
	EndGlobalSection
	GlobalSection(SolutionProperties) = preSolution
		HideSolutionNode = FALSE
	EndGlobalSection
	GlobalSection(ExtensibilityGlobals) = postSolution
		SolutionGuid = {5A8E58F7-A110-4115-B137-87141767B553}
	EndGlobalSection
EndGlobal
